// !$*UTF8*$!
{
	archiveVersion = 1;
	classes = {
	};
	objectVersion = 50;
	objects = {

/* Begin PBXBuildFile section */
		866ACF8B246861590063917F /* AppDelegate.swift in Sources */ = {isa = PBXBuildFile; fileRef = 866ACF8A246861590063917F /* AppDelegate.swift */; };
		866ACF8D246861590063917F /* SceneDelegate.swift in Sources */ = {isa = PBXBuildFile; fileRef = 866ACF8C246861590063917F /* SceneDelegate.swift */; };
		866ACF8F246861590063917F /* ViewController.swift in Sources */ = {isa = PBXBuildFile; fileRef = 866ACF8E246861590063917F /* ViewController.swift */; };
		866ACF92246861590063917F /* Main.storyboard in Resources */ = {isa = PBXBuildFile; fileRef = 866ACF90246861590063917F /* Main.storyboard */; };
		866ACF95246861590063917F /* ScheduleMaster.xcdatamodeld in Sources */ = {isa = PBXBuildFile; fileRef = 866ACF93246861590063917F /* ScheduleMaster.xcdatamodeld */; };
		866ACF972468615C0063917F /* Assets.xcassets in Resources */ = {isa = PBXBuildFile; fileRef = 866ACF962468615C0063917F /* Assets.xcassets */; };
		866ACF9A2468615C0063917F /* LaunchScreen.storyboard in Resources */ = {isa = PBXBuildFile; fileRef = 866ACF982468615C0063917F /* LaunchScreen.storyboard */; };
/* End PBXBuildFile section */

/* Begin PBXFileReference section */
		866ACF87246861590063917F /* ScheduleMaster.app */ = {isa = PBXFileReference; explicitFileType = wrapper.application; includeInIndex = 0; path = ScheduleMaster.app; sourceTree = BUILT_PRODUCTS_DIR; };
		866ACF8A246861590063917F /* AppDelegate.swift */ = {isa = PBXFileReference; lastKnownFileType = sourcecode.swift; path = AppDelegate.swift; sourceTree = "<group>"; };
		866ACF8C246861590063917F /* SceneDelegate.swift */ = {isa = PBXFileReference; lastKnownFileType = sourcecode.swift; path = SceneDelegate.swift; sourceTree = "<group>"; };
		866ACF8E246861590063917F /* ViewController.swift */ = {isa = PBXFileReference; lastKnownFileType = sourcecode.swift; path = ViewController.swift; sourceTree = "<group>"; };
		866ACF91246861590063917F /* Base */ = {isa = PBXFileReference; lastKnownFileType = file.storyboard; name = Base; path = Base.lproj/Main.storyboard; sourceTree = "<group>"; };
		866ACF94246861590063917F /* ScheduleMaster.xcdatamodel */ = {isa = PBXFileReference; lastKnownFileType = wrapper.xcdatamodel; path = ScheduleMaster.xcdatamodel; sourceTree = "<group>"; };
		866ACF962468615C0063917F /* Assets.xcassets */ = {isa = PBXFileReference; lastKnownFileType = folder.assetcatalog; path = Assets.xcassets; sourceTree = "<group>"; };
		866ACF992468615C0063917F /* Base */ = {isa = PBXFileReference; lastKnownFileType = file.storyboard; name = Base; path = Base.lproj/LaunchScreen.storyboard; sourceTree = "<group>"; };
		866ACF9B2468615C0063917F /* Info.plist */ = {isa = PBXFileReference; lastKnownFileType = text.plist.xml; path = Info.plist; sourceTree = "<group>"; };
/* End PBXFileReference section */

/* Begin PBXFrameworksBuildPhase section */
		866ACF84246861590063917F /* Frameworks */ = {
			isa = PBXFrameworksBuildPhase;
			buildActionMask = 2147483647;
			files = (
			);
			runOnlyForDeploymentPostprocessing = 0;
		};
/* End PBXFrameworksBuildPhase section */

/* Begin PBXGroup section */
		866ACF7E246861590063917F = {
			isa = PBXGroup;
			children = (
				866ACF89246861590063917F /* ScheduleMaster */,
				866ACF88246861590063917F /* Products */,
			);
			sourceTree = "<group>";
		};
		866ACF88246861590063917F /* Products */ = {
			isa = PBXGroup;
			children = (
				866ACF87246861590063917F /* ScheduleMaster.app */,
			);
			name = Products;
			sourceTree = "<group>";
		};
		866ACF89246861590063917F /* ScheduleMaster */ = {
			isa = PBXGroup;
			children = (
				866ACF8A246861590063917F /* AppDelegate.swift */,
				866ACF8C246861590063917F /* SceneDelegate.swift */,
				866ACF8E246861590063917F /* ViewController.swift */,
				866ACF90246861590063917F /* Main.storyboard */,
				866ACF962468615C0063917F /* Assets.xcassets */,
				866ACF982468615C0063917F /* LaunchScreen.storyboard */,
				866ACF9B2468615C0063917F /* Info.plist */,
				866ACF93246861590063917F /* ScheduleMaster.xcdatamodeld */,
			);
			path = ScheduleMaster;
			sourceTree = "<group>";
		};
/* End PBXGroup section */

/* Begin PBXNativeTarget section */
		866ACF86246861590063917F /* ScheduleMaster */ = {
			isa = PBXNativeTarget;
			buildConfigurationList = 866ACF9E2468615C0063917F /* Build configuration list for PBXNativeTarget "ScheduleMaster" */;
			buildPhases = (
				866ACF83246861590063917F /* Sources */,
				866ACF84246861590063917F /* Frameworks */,
				866ACF85246861590063917F /* Resources */,
			);
			buildRules = (
			);
			dependencies = (
			);
			name = ScheduleMaster;
			productName = ScheduleMaster;
			productReference = 866ACF87246861590063917F /* ScheduleMaster.app */;
			productType = "com.apple.product-type.application";
		};
/* End PBXNativeTarget section */

/* Begin PBXProject section */
		866ACF7F246861590063917F /* Project object */ = {
			isa = PBXProject;
			attributes = {
				LastSwiftUpdateCheck = 1140;
				LastUpgradeCheck = 1140;
				ORGANIZATIONNAME = "Haonan Tian";
				TargetAttributes = {
					866ACF86246861590063917F = {
						CreatedOnToolsVersion = 11.4.1;
					};
				};
			};
			buildConfigurationList = 866ACF82246861590063917F /* Build configuration list for PBXProject "ScheduleMaster" */;
			compatibilityVersion = "Xcode 9.3";
			developmentRegion = en;
			hasScannedForEncodings = 0;
			knownRegions = (
				en,
				Base,
			);
			mainGroup = 866ACF7E246861590063917F;
			productRefGroup = 866ACF88246861590063917F /* Products */;
			projectDirPath = "";
			projectRoot = "";
			targets = (
				866ACF86246861590063917F /* ScheduleMaster */,
			);
		};
/* End PBXProject section */

/* Begin PBXResourcesBuildPhase section */
		866ACF85246861590063917F /* Resources */ = {
			isa = PBXResourcesBuildPhase;
			buildActionMask = 2147483647;
			files = (
				866ACF9A2468615C0063917F /* LaunchScreen.storyboard in Resources */,
				866ACF972468615C0063917F /* Assets.xcassets in Resources */,
				866ACF92246861590063917F /* Main.storyboard in Resources */,
			);
			runOnlyForDeploymentPostprocessing = 0;
		};
/* End PBXResourcesBuildPhase section */

/* Begin PBXSourcesBuildPhase section */
		866ACF83246861590063917F /* Sources */ = {
			isa = PBXSourcesBuildPhase;
			buildActionMask = 2147483647;
			files = (
				866ACF95246861590063917F /* ScheduleMaster.xcdatamodeld in Sources */,
				866ACF8F246861590063917F /* ViewController.swift in Sources */,
				866ACF8B246861590063917F /* AppDelegate.swift in Sources */,
				866ACF8D246861590063917F /* SceneDelegate.swift in Sources */,
			);
			runOnlyForDeploymentPostprocessing = 0;
		};
/* End PBXSourcesBuildPhase section */

/* Begin PBXVariantGroup section */
		866ACF90246861590063917F /* Main.storyboard */ = {
			isa = PBXVariantGroup;
			children = (
				866ACF91246861590063917F /* Base */,
			);
			name = Main.storyboard;
			sourceTree = "<group>";
		};
		866ACF982468615C0063917F /* LaunchScreen.storyboard */ = {
			isa = PBXVariantGroup;
			children = (
				866ACF992468615C0063917F /* Base */,
			);
			name = LaunchScreen.storyboard;
			sourceTree = "<group>";
		};
/* End PBXVariantGroup section */

/* Begin XCBuildConfiguration section */
		866ACF9C2468615C0063917F /* Debug */ = {
			isa = XCBuildConfiguration;
			buildSettings = {
				ALWAYS_SEARCH_USER_PATHS = NO;
				CLANG_ANALYZER_NONNULL = YES;
				CLANG_ANALYZER_NUMBER_OBJECT_CONVERSION = YES_AGGRESSIVE;
				CLANG_CXX_LANGUAGE_STANDARD = "gnu++14";
				CLANG_CXX_LIBRARY = "libc++";
				CLANG_ENABLE_MODULES = YES;
				CLANG_ENABLE_OBJC_ARC = YES;
				CLANG_ENABLE_OBJC_WEAK = YES;
				CLANG_WARN_BLOCK_CAPTURE_AUTORELEASING = YES;
				CLANG_WARN_BOOL_CONVERSION = YES;
				CLANG_WARN_COMMA = YES;
				CLANG_WARN_CONSTANT_CONVERSION = YES;
				CLANG_WARN_DEPRECATED_OBJC_IMPLEMENTATIONS = YES;
				CLANG_WARN_DIRECT_OBJC_ISA_USAGE = YES_ERROR;
				CLANG_WARN_DOCUMENTATION_COMMENTS = YES;
				CLANG_WARN_EMPTY_BODY = YES;
				CLANG_WARN_ENUM_CONVERSION = YES;
				CLANG_WARN_INFINITE_RECURSION = YES;
				CLANG_WARN_INT_CONVERSION = YES;
				CLANG_WARN_NON_LITERAL_NULL_CONVERSION = YES;
				CLANG_WARN_OBJC_IMPLICIT_RETAIN_SELF = YES;
				CLANG_WARN_OBJC_LITERAL_CONVERSION = YES;
				CLANG_WARN_OBJC_ROOT_CLASS = YES_ERROR;
				CLANG_WARN_RANGE_LOOP_ANALYSIS = YES;
				CLANG_WARN_STRICT_PROTOTYPES = YES;
				CLANG_WARN_SUSPICIOUS_MOVE = YES;
				CLANG_WARN_UNGUARDED_AVAILABILITY = YES_AGGRESSIVE;
				CLANG_WARN_UNREACHABLE_CODE = YES;
				CLANG_WARN__DUPLICATE_METHOD_MATCH = YES;
				COPY_PHASE_STRIP = NO;
				DEBUG_INFORMATION_FORMAT = dwarf;
				ENABLE_STRICT_OBJC_MSGSEND = YES;
				ENABLE_TESTABILITY = YES;
				GCC_C_LANGUAGE_STANDARD = gnu11;
				GCC_DYNAMIC_NO_PIC = NO;
				GCC_NO_COMMON_BLOCKS = YES;
				GCC_OPTIMIZATION_LEVEL = 0;
				GCC_PREPROCESSOR_DEFINITIONS = (
					"DEBUG=1",
					"$(inherited)",
				);
				GCC_WARN_64_TO_32_BIT_CONVERSION = YES;
				GCC_WARN_ABOUT_RETURN_TYPE = YES_ERROR;
				GCC_WARN_UNDECLARED_SELECTOR = YES;
				GCC_WARN_UNINITIALIZED_AUTOS = YES_AGGRESSIVE;
				GCC_WARN_UNUSED_FUNCTION = YES;
				GCC_WARN_UNUSED_VARIABLE = YES;
				IPHONEOS_DEPLOYMENT_TARGET = 13.4;
				MTL_ENABLE_DEBUG_INFO = INCLUDE_SOURCE;
				MTL_FAST_MATH = YES;
				ONLY_ACTIVE_ARCH = YES;
				SDKROOT = iphoneos;
				SWIFT_ACTIVE_COMPILATION_CONDITIONS = DEBUG;
				SWIFT_OPTIMIZATION_LEVEL = "-Onone";
			};
			name = Debug;
		};
		866ACF9D2468615C0063917F /* Release */ = {
			isa = XCBuildConfiguration;
			buildSettings = {
				ALWAYS_SEARCH_USER_PATHS = NO;
				CLANG_ANALYZER_NONNULL = YES;
				CLANG_ANALYZER_NUMBER_OBJECT_CONVERSION = YES_AGGRESSIVE;
				CLANG_CXX_LANGUAGE_STANDARD = "gnu++14";
				CLANG_CXX_LIBRARY = "libc++";
				CLANG_ENABLE_MODULES = YES;
				CLANG_ENABLE_OBJC_ARC = YES;
				CLANG_ENABLE_OBJC_WEAK = YES;
				CLANG_WARN_BLOCK_CAPTURE_AUTORELEASING = YES;
				CLANG_WARN_BOOL_CONVERSION = YES;
				CLANG_WARN_COMMA = YES;
				CLANG_WARN_CONSTANT_CONVERSION = YES;
				CLANG_WARN_DEPRECATED_OBJC_IMPLEMENTATIONS = YES;
				CLANG_WARN_DIRECT_OBJC_ISA_USAGE = YES_ERROR;
				CLANG_WARN_DOCUMENTATION_COMMENTS = YES;
				CLANG_WARN_EMPTY_BODY = YES;
				CLANG_WARN_ENUM_CONVERSION = YES;
				CLANG_WARN_INFINITE_RECURSION = YES;
				CLANG_WARN_INT_CONVERSION = YES;
				CLANG_WARN_NON_LITERAL_NULL_CONVERSION = YES;
				CLANG_WARN_OBJC_IMPLICIT_RETAIN_SELF = YES;
				CLANG_WARN_OBJC_LITERAL_CONVERSION = YES;
				CLANG_WARN_OBJC_ROOT_CLASS = YES_ERROR;
				CLANG_WARN_RANGE_LOOP_ANALYSIS = YES;
				CLANG_WARN_STRICT_PROTOTYPES = YES;
				CLANG_WARN_SUSPICIOUS_MOVE = YES;
				CLANG_WARN_UNGUARDED_AVAILABILITY = YES_AGGRESSIVE;
				CLANG_WARN_UNREACHABLE_CODE = YES;
				CLANG_WARN__DUPLICATE_METHOD_MATCH = YES;
				COPY_PHASE_STRIP = NO;
				DEBUG_INFORMATION_FORMAT = "dwarf-with-dsym";
				ENABLE_NS_ASSERTIONS = NO;
				ENABLE_STRICT_OBJC_MSGSEND = YES;
				GCC_C_LANGUAGE_STANDARD = gnu11;
				GCC_NO_COMMON_BLOCKS = YES;
				GCC_WARN_64_TO_32_BIT_CONVERSION = YES;
				GCC_WARN_ABOUT_RETURN_TYPE = YES_ERROR;
				GCC_WARN_UNDECLARED_SELECTOR = YES;
				GCC_WARN_UNINITIALIZED_AUTOS = YES_AGGRESSIVE;
				GCC_WARN_UNUSED_FUNCTION = YES;
				GCC_WARN_UNUSED_VARIABLE = YES;
				IPHONEOS_DEPLOYMENT_TARGET = 13.4;
				MTL_ENABLE_DEBUG_INFO = NO;
				MTL_FAST_MATH = YES;
				SDKROOT = iphoneos;
				SWIFT_COMPILATION_MODE = wholemodule;
				SWIFT_OPTIMIZATION_LEVEL = "-O";
				VALIDATE_PRODUCT = YES;
			};
			name = Release;
		};
		866ACF9F2468615C0063917F /* Debug */ = {
			isa = XCBuildConfiguration;
			buildSettings = {
				ASSETCATALOG_COMPILER_APPICON_NAME = AppIcon;
				CODE_SIGN_STYLE = Automatic;
				DEVELOPMENT_TEAM = HU59QY37T4;
				INFOPLIST_FILE = ScheduleMaster/Info.plist;
				LD_RUNPATH_SEARCH_PATHS = (
					"$(inherited)",
					"@executable_path/Frameworks",
				);
				PRODUCT_BUNDLE_IDENTIFIER = com.howardtian.ScheduleMaster;
				PRODUCT_NAME = "$(TARGET_NAME)";
				SWIFT_VERSION = 5.0;
				TARGETED_DEVICE_FAMILY = "1,2";
			};
			name = Debug;
		};
		866ACFA02468615C0063917F /* Release */ = {
			isa = XCBuildConfiguration;
			buildSettings = {
				ASSETCATALOG_COMPILER_APPICON_NAME = AppIcon;
				CODE_SIGN_STYLE = Automatic;
				DEVELOPMENT_TEAM = HU59QY37T4;
				INFOPLIST_FILE = ScheduleMaster/Info.plist;
				LD_RUNPATH_SEARCH_PATHS = (
					"$(inherited)",
					"@executable_path/Frameworks",
				);
				PRODUCT_BUNDLE_IDENTIFIER = com.howardtian.ScheduleMaster;
				PRODUCT_NAME = "$(TARGET_NAME)";
				SWIFT_VERSION = 5.0;
				TARGETED_DEVICE_FAMILY = "1,2";
			};
			name = Release;
		};
/* End XCBuildConfiguration section */

/* Begin XCConfigurationList section */
		866ACF82246861590063917F /* Build configuration list for PBXProject "ScheduleMaster" */ = {
			isa = XCConfigurationList;
			buildConfigurations = (
				866ACF9C2468615C0063917F /* Debug */,
				866ACF9D2468615C0063917F /* Release */,
			);
			defaultConfigurationIsVisible = 0;
			defaultConfigurationName = Release;
		};
		866ACF9E2468615C0063917F /* Build configuration list for PBXNativeTarget "ScheduleMaster" */ = {
			isa = XCConfigurationList;
			buildConfigurations = (
				866ACF9F2468615C0063917F /* Debug */,
				866ACFA02468615C0063917F /* Release */,
			);
			defaultConfigurationIsVisible = 0;
			defaultConfigurationName = Release;
		};
/* End XCConfigurationList section */

/* Begin XCVersionGroup section */
		866ACF93246861590063917F /* ScheduleMaster.xcdatamodeld */ = {
			isa = XCVersionGroup;
			children = (
				866ACF94246861590063917F /* ScheduleMaster.xcdatamodel */,
			);
			currentVersion = 866ACF94246861590063917F /* ScheduleMaster.xcdatamodel */;
			path = ScheduleMaster.xcdatamodeld;
			sourceTree = "<group>";
			versionGroupType = wrapper.xcdatamodel;
		};
/* End XCVersionGroup section */
	};
	rootObject = 866ACF7F246861590063917F /* Project object */;
}
